PODS:
  - FSPagerView (0.8.3)
  - IQKeyboardManager (6.5.19)
  - SVProgressHUD (2.3.1):
    - SVProgressHUD/Core (= 2.3.1)
  - SVProgressHUD/Core (2.3.1)
  - SwiftyStoreKit (0.16.1)

DEPENDENCIES:
  - FSPagerView
  - IQKeyboardManager
  - SVProgressHUD
  - SwiftyStoreKit

SPEC REPOS:
  trunk:
    - FSPagerView
    - IQKeyboardManager
    - SVProgressHUD
    - SwiftyStoreKit

SPEC CHECKSUMS:
  FSPagerView: 670405b2f18e2a87fa37f20b00de783e562c25a8
  IQKeyboardManager: c8665b3396bd0b79402b4c573eac345a31c7d485
  SVProgressHUD: 4837c74bdfe2e51e8821c397825996a8d7de6e22
  SwiftyStoreKit: 6b9c08810269f030586dac1fae8e75871a82e84a

PODFILE CHECKSUM: 051877df7384a100f2ebd24b3553c7806507eb94

COCOAPODS: 1.16.2
